{"SurveyEntry":{"SurveyID":"SV_74h4RZrP1XEBd0G","SurveyName":"NPS Survey for Sample Reporting Widget Plugin","SurveyDescription":null,"SurveyOwnerID":"UR_eRj9kCNoIglj0tn","SurveyBrandID":"devdemos","DivisionID":null,"SurveyLanguage":"EN","SurveyActiveResponseSet":"RS_8iBgtI8DXjzGTHg","SurveyStatus":"Active","SurveyStartDate":"0000-00-00 00:00:00","SurveyExpirationDate":"0000-00-00 00:00:00","SurveyCreationDate":"2021-09-20 17:59:56","CreatorID":"UR_eRj9kCNoIglj0tn","LastModified":"2021-09-30 10:53:13","LastAccessed":"0000-00-00 00:00:00","LastActivated":"2021-09-20 18:09:44","Deleted":null},"SurveyElements":[{"SurveyID":"SV_74h4RZrP1XEBd0G","Element":"BL","PrimaryAttribute":"Survey Blocks","SecondaryAttribute":null,"TertiaryAttribute":null,"Payload":[{"Type":"Default","Description":"Default Question Block","ID":"BL_eG73D4tffqay3uS","BlockElements":[{"Type":"Question","QuestionID":"QID1"},{"Type":"Question","QuestionID":"QID2"},{"Type":"Question","QuestionID":"QID3"},{"Type":"Question","QuestionID":"QID4"},{"Type":"Question","QuestionID":"QID5"}]},{"Type":"Trash","Description":"Trash \/ Unused Questions","ID":"BL_bsgqWlg9Tp7yYDQ","BlockElements":[]}]},{"SurveyID":"SV_74h4RZrP1XEBd0G","Element":"FL","PrimaryAttribute":"Survey Flow","SecondaryAttribute":null,"TertiaryAttribute":null,"Payload":{"Flow":[{"ID":"BL_eG73D4tffqay3uS","Type":"Block","FlowID":"FL_2"}],"Properties":{"Count":2},"FlowID":"FL_1","Type":"Root"}},{"SurveyID":"SV_74h4RZrP1XEBd0G","Element":"SO","PrimaryAttribute":"Survey Options","SecondaryAttribute":null,"TertiaryAttribute":null,"Payload":{"BackButton":"false","SaveAndContinue":"true","SurveyProtection":"PublicSurvey","BallotBoxStuffingPrevention":"false","NoIndex":"Yes","SecureResponseFiles":"true","SurveyExpiration":"None","SurveyTermination":"DefaultMessage","Header":"","Footer":"","ProgressBarDisplay":"None","PartialData":"+1 week","ValidationMessage":null,"PreviousButton":"","NextButton":"","SurveyTitle":"Qualtrics Survey | Qualtrics Experience Management","SkinLibrary":"devdemos","SkinType":"templated","Skin":{"brandingId":null,"templateId":"*2014","overrides":null},"NewScoring":1,"EOSMessage":null,"ShowExportTags":"false","CollectGeoLocation":"false","SurveyMetaDescription":"The most powerful, simple and trusted way to gather experience data. Start your journey to experience management and try a free account today.","PasswordProtection":"No","AnonymizeResponse":"No","RefererCheck":"No","BallotBoxStuffingPreventionBehavior":null,"BallotBoxStuffingPreventionMessage":null,"BallotBoxStuffingPreventionMessageLibrary":null,"BallotBoxStuffingPreventionURL":null,"RecaptchaV3":"false","ConfirmStart":false,"AutoConfirmStart":false,"RelevantID":"false","RelevantIDLockoutPeriod":"+30 days","UseCustomSurveyLinkCompletedMessage":null,"SurveyLinkCompletedMessage":null,"SurveyLinkCompletedMessageLibrary":null,"ResponseSummary":"No","EOSMessageLibrary":null,"EOSRedirectURL":null,"EmailThankYou":"false","ThankYouEmailMessageLibrary":null,"ThankYouEmailMessage":null,"ValidateMessage":"false","ValidationMessageLibrary":null,"InactiveSurvey":"DefaultMessage","PartialDeletion":null,"PartialDataCloseAfter":"LastActivity","InactiveMessageLibrary":null,"InactiveMessage":null,"AvailableLanguages":{"EN":[]},"ProtectSelectionIds":true}},{"SurveyID":"SV_74h4RZrP1XEBd0G","Element":"SCO","PrimaryAttribute":"Scoring","SecondaryAttribute":null,"TertiaryAttribute":null,"Payload":{"ScoringCategories":[],"ScoringCategoryGroups":[],"ScoringSummaryCategory":null,"ScoringSummaryAfterQuestions":0,"ScoringSummaryAfterSurvey":0,"DefaultScoringCategory":null,"AutoScoringCategory":null}},{"SurveyID":"SV_74h4RZrP1XEBd0G","Element":"PROJ","PrimaryAttribute":"CORE","SecondaryAttribute":null,"TertiaryAttribute":"1.1.0","Payload":{"ProjectCategory":"CORE","SchemaVersion":"1.1.0"}},{"SurveyID":"SV_74h4RZrP1XEBd0G","Element":"STAT","PrimaryAttribute":"Survey Statistics","SecondaryAttribute":null,"TertiaryAttribute":null,"Payload":{"MobileCompatible":true,"ID":"Survey Statistics"}},{"SurveyID":"SV_74h4RZrP1XEBd0G","Element":"QC","PrimaryAttribute":"Survey Question Count","SecondaryAttribute":"5","TertiaryAttribute":null,"Payload":null},{"SurveyID":"SV_74h4RZrP1XEBd0G","Element":"SQ","PrimaryAttribute":"QID2","SecondaryAttribute":"Customer Tenure","TertiaryAttribute":null,"Payload":{"QuestionText":"Customer Tenure","DefaultChoices":false,"DataExportTag":"Q2","QuestionType":"MC","Selector":"SAVR","SubSelector":"TX","Configuration":{"QuestionDescriptionOption":"UseText"},"QuestionDescription":"Customer Tenure","Choices":{"1":{"Display":"1 ride"},"2":{"Display":"2-10 rides"},"3":{"Display":"11-50 rides"},"4":{"Display":"51-100 rides"},"5":{"Display":"101+ rides"}},"ChoiceOrder":[1,2,3,4,5],"Validation":{"Settings":{"ForceResponse":"OFF","Type":"None"}},"GradingData":[],"Language":[],"NextChoiceId":6,"NextAnswerId":1,"QuestionID":"QID2"}},{"SurveyID":"SV_74h4RZrP1XEBd0G","Element":"RS","PrimaryAttribute":"RS_8iBgtI8DXjzGTHg","SecondaryAttribute":"Default Response Set","TertiaryAttribute":null,"Payload":null},{"SurveyID":"SV_74h4RZrP1XEBd0G","Element":"SQ","PrimaryAttribute":"QID5","SecondaryAttribute":"NPS","TertiaryAttribute":null,"Payload":{"QuestionText":"NPS","DefaultChoices":false,"DataExportTag":"Q5","QuestionType":"MC","Selector":"NPS","Configuration":{"QuestionDescriptionOption":"UseText"},"QuestionDescription":"NPS","Choices":[{"Display":"0"},{"Display":"1"},{"Display":"2"},{"Display":"3"},{"Display":"4"},{"Display":"5"},{"Display":"6"},{"Display":"7"},{"Display":"8"},{"Display":"9"},{"Display":"10"}],"ChoiceOrder":["0","1","2","3","4","5","6","7","8","9","10"],"Validation":{"Settings":{"ForceResponse":"OFF","Type":"None"}},"GradingData":[],"Language":[],"NextChoiceId":11,"NextAnswerId":1,"ColumnLabels":[{"Display":"Not at all likely","IsLabelDefault":true},{"Display":"Extremely likely","IsLabelDefault":true}],"QuestionID":"QID5"}},{"SurveyID":"SV_74h4RZrP1XEBd0G","Element":"SQ","PrimaryAttribute":"QID1","SecondaryAttribute":"Please rate your satisfaction","TertiaryAttribute":null,"Payload":{"QuestionText":"Please rate your satisfaction","DataExportTag":"Q1","QuestionType":"MC","Selector":"SAVR","SubSelector":"TX","Configuration":{"QuestionDescriptionOption":"UseText"},"QuestionDescription":"Please rate your satisfaction","Choices":{"1":{"Display":"Extremely Unsatisfied"},"2":{"Display":"Unsatisfied"},"3":{"Display":"Meh"},"4":{"Display":"Satisfied"},"5":{"Display":"Extremely Satisfied"}},"ChoiceOrder":[1,2,3,4,5],"Validation":{"Settings":{"ForceResponse":"OFF","Type":"None"}},"Language":[],"NextChoiceId":6,"NextAnswerId":1,"QuestionID":"QID1","RecodeValues":{"1":"1","2":"2","3":"3","4":"4","5":"5"}}},{"SurveyID":"SV_74h4RZrP1XEBd0G","Element":"SQ","PrimaryAttribute":"QID3","SecondaryAttribute":"Region","TertiaryAttribute":null,"Payload":{"QuestionText":"Region","DefaultChoices":false,"DataExportTag":"Q3","QuestionType":"MC","Selector":"SAVR","SubSelector":"TX","Configuration":{"QuestionDescriptionOption":"UseText"},"QuestionDescription":"Region","Choices":{"1":{"Display":"AMER"},"2":{"Display":"APAC"},"3":{"Display":"EMEA"}},"ChoiceOrder":["1","2","3"],"Validation":{"Settings":{"ForceResponse":"OFF","Type":"None"}},"GradingData":[],"Language":[],"NextChoiceId":4,"NextAnswerId":1,"QuestionID":"QID3"}},{"SurveyID":"SV_74h4RZrP1XEBd0G","Element":"SQ","PrimaryAttribute":"QID4","SecondaryAttribute":"Ride Type","TertiaryAttribute":null,"Payload":{"QuestionText":"Ride Type","DefaultChoices":false,"DataExportTag":"Q4","QuestionType":"MC","Selector":"SAVR","SubSelector":"TX","Configuration":{"QuestionDescriptionOption":"UseText"},"QuestionDescription":"Ride Type","Choices":{"1":{"Display":"YoloRide Classic"},"2":{"Display":"YoloRide Deluxe"},"3":{"Display":"YoloRide Thrifty"},"4":{"Display":"YoloRide Renewable"}},"ChoiceOrder":[1,2,3,4],"Validation":{"Settings":{"ForceResponse":"OFF","Type":"None"}},"GradingData":[],"Language":[],"NextChoiceId":5,"NextAnswerId":1,"QuestionID":"QID4"}}]}